
Microsoft Visual Studio Solution File, Format Version 12.00
# Visual Studio 14
VisualStudioVersion = 14.0.25420.1
MinimumVisualStudioVersion = 10.0.40219.1
Project("{FAE04EC0-301F-11D3-BF4B-00C04F79EFBC}") = "NugetPackager", "NugetPackager\NugetPackager.csproj", "{0125B863-BEA1-41BD-8859-50BA5E222D33}"
EndProject
Project("{FAE04EC0-301F-11D3-BF4B-00C04F79EFBC}") = "Vstack.Extensions", "..\..\vintage-software\vstack-extensions\Vstack.Extensions\Vstack.Extensions.csproj", "{029ECBE3-6E0E-498E-80A7-BAD385891C91}"
EndProject
Project("{2150E333-8FDC-42A3-9474-1A3956D46DE8}") = "Solution Items", "Solution Items", "{3399F3B8-C738-4085-8C78-4D41598223CB}"
	ProjectSection(SolutionItems) = preProject
		.appveyor.yml = .appveyor.yml
		LICENSE = LICENSE
		README.md = README.md
	EndProjectSection
EndProject
Project("{FAE04EC0-301F-11D3-BF4B-00C04F79EFBC}") = "GitCompare", "..\git-compare\GitCompare\GitCompare.csproj", "{729DA53A-892F-422D-88AE-43202210E96B}"
EndProject
Global
	GlobalSection(SolutionConfigurationPlatforms) = preSolution
		Debug|Any CPU = Debug|Any CPU
		Release|Any CPU = Release|Any CPU
	EndGlobalSection
	GlobalSection(ProjectConfigurationPlatforms) = postSolution
		{0125B863-BEA1-41BD-8859-50BA5E222D33}.Debug|Any CPU.ActiveCfg = Debug|Any CPU
		{0125B863-BEA1-41BD-8859-50BA5E222D33}.Debug|Any CPU.Build.0 = Debug|Any CPU
		{0125B863-BEA1-41BD-8859-50BA5E222D33}.Release|Any CPU.ActiveCfg = Release|Any CPU
		{0125B863-BEA1-41BD-8859-50BA5E222D33}.Release|Any CPU.Build.0 = Release|Any CPU
		{029ECBE3-6E0E-498E-80A7-BAD385891C91}.Debug|Any CPU.ActiveCfg = Debug|Any CPU
		{029ECBE3-6E0E-498E-80A7-BAD385891C91}.Debug|Any CPU.Build.0 = Debug|Any CPU
		{029ECBE3-6E0E-498E-80A7-BAD385891C91}.Release|Any CPU.ActiveCfg = Release|Any CPU
		{029ECBE3-6E0E-498E-80A7-BAD385891C91}.Release|Any CPU.Build.0 = Release|Any CPU
		{729DA53A-892F-422D-88AE-43202210E96B}.Debug|Any CPU.ActiveCfg = Debug|Any CPU
		{729DA53A-892F-422D-88AE-43202210E96B}.Debug|Any CPU.Build.0 = Debug|Any CPU
		{729DA53A-892F-422D-88AE-43202210E96B}.Release|Any CPU.ActiveCfg = Release|Any CPU
		{729DA53A-892F-422D-88AE-43202210E96B}.Release|Any CPU.Build.0 = Release|Any CPU
	EndGlobalSection
	GlobalSection(SolutionProperties) = preSolution
		HideSolutionNode = FALSE
	EndGlobalSection
EndGlobal
